
Microsoft Visual Studio Solution File, Format Version 12.00
# Visual Studio Version 17
VisualStudioVersion = 17.9.34622.214
MinimumVisualStudioVersion = 10.0.40219.1
Project("{FAE04EC0-301F-11D3-BF4B-00C04F79EFBC}") = "WebApi_EcommerceReact", "WebApi_EcommerceReact\WebApi_EcommerceReact.csproj", "{11B2C5B7-E712-446D-BBBC-374186A03B09}"
EndProject
Global
	GlobalSection(SolutionConfigurationPlatforms) = preSolution
		Debug|Any CPU = Debug|Any CPU
		Release|Any CPU = Release|Any CPU
	EndGlobalSection
	GlobalSection(ProjectConfigurationPlatforms) = postSolution
		{11B2C5B7-E712-446D-BBBC-374186A03B09}.Debug|Any CPU.ActiveCfg = Debug|Any CPU
		{11B2C5B7-E712-446D-BBBC-374186A03B09}.Debug|Any CPU.Build.0 = Debug|Any CPU
		{11B2C5B7-E712-446D-BBBC-374186A03B09}.Release|Any CPU.ActiveCfg = Release|Any CPU
		{11B2C5B7-E712-446D-BBBC-374186A03B09}.Release|Any CPU.Build.0 = Release|Any CPU
	EndGlobalSection
	GlobalSection(SolutionProperties) = preSolution
		HideSolutionNode = FALSE
	EndGlobalSection
	GlobalSection(ExtensibilityGlobals) = postSolution
		SolutionGuid = {0B37062B-7848-4EFB-99CF-702C9A1D8DA5}
	EndGlobalSection
EndGlobal
